Microsoft Visual Studio Solution File, Format Version 12.00
# Visual Studio Version 17
VisualStudioVersion = 17.5.2.0
MinimumVisualStudioVersion = 10.0.40219.1
Project("{FAE04EC0-301F-11D3-BF4B-00C04F79EFBC}") = "simplecsharp", "simplecsharp.csproj", "{8E8742BF-F4E1-AD03-88D8-18D090D9D061}"
EndProject
Global
	GlobalSection(SolutionConfigurationPlatforms) = preSolution
		Debug|Any CPU = Debug|Any CPU
		Release|Any CPU = Release|Any CPU
	EndGlobalSection
	GlobalSection(ProjectConfigurationPlatforms) = postSolution
		{8E8742BF-F4E1-AD03-88D8-18D090D9D061}.Debug|Any CPU.ActiveCfg = Debug|Any CPU
		{8E8742BF-F4E1-AD03-88D8-18D090D9D061}.Debug|Any CPU.Build.0 = Debug|Any CPU
		{8E8742BF-F4E1-AD03-88D8-18D090D9D061}.Release|Any CPU.ActiveCfg = Release|Any CPU
		{8E8742BF-F4E1-AD03-88D8-18D090D9D061}.Release|Any CPU.Build.0 = Release|Any CPU
	EndGlobalSection
	GlobalSection(SolutionProperties) = preSolution
		HideSolutionNode = FALSE
	EndGlobalSection
	GlobalSection(ExtensibilityGlobals) = postSolution
		SolutionGuid = {50CEC0A8-6F4C-4858-8793-145F7EBE78BB}
	EndGlobalSection
EndGlobal
